{
  "name": "map",
  "lockfileVersion": 3,
  "requires": true,
  "packages": {
    "": {
      "dependencies": {
        "exchangify": "^1.0.1"
      }
    },
    "node_modules/exchangify": {
      "version": "1.0.1",
      "resolved": "https://registry.npmjs.org/exchangify/-/exchangify-1.0.1.tgz",
      "integrity": "sha512-goXWp4FDbdXQRwEtBa5wyqq/3Wdlm5bRQ6NwDz1HaBMeAEiQWZQRk5XfBPoFLbiYTCPLNTmb5C3SPzaYQwn+Ew=="
    }
  }
}
